
Microsoft Visual Studio Solution File, Format Version 12.00
# Visual Studio Version 17
VisualStudioVersion = 17.6.33829.357
MinimumVisualStudioVersion = 10.0.40219.1
Project("{FAE04EC0-301F-11D3-BF4B-00C04F79EFBC}") = "ArbolGenerico", "ArbolGenerico\ArbolGenerico.csproj", "{FD735504-21A6-4509-81D2-91B8F8DFADEE}"
EndProject
Global
	GlobalSection(SolutionConfigurationPlatforms) = preSolution
		Debug|Any CPU = Debug|Any CPU
		Release|Any CPU = Release|Any CPU
	EndGlobalSection
	GlobalSection(ProjectConfigurationPlatforms) = postSolution
		{FD735504-21A6-4509-81D2-91B8F8DFADEE}.Debug|Any CPU.ActiveCfg = Debug|Any CPU
		{FD735504-21A6-4509-81D2-91B8F8DFADEE}.Debug|Any CPU.Build.0 = Debug|Any CPU
		{FD735504-21A6-4509-81D2-91B8F8DFADEE}.Release|Any CPU.ActiveCfg = Release|Any CPU
		{FD735504-21A6-4509-81D2-91B8F8DFADEE}.Release|Any CPU.Build.0 = Release|Any CPU
	EndGlobalSection
	GlobalSection(SolutionProperties) = preSolution
		HideSolutionNode = FALSE
	EndGlobalSection
	GlobalSection(ExtensibilityGlobals) = postSolution
		SolutionGuid = {625717CC-8D41-4C3A-88F8-EFB754CCD972}
	EndGlobalSection
EndGlobal
